
Microsoft Visual Studio Solution File, Format Version 12.00
# Visual Studio Version 17
VisualStudioVersion = 17.2.32630.192
MinimumVisualStudioVersion = 10.0.40219.1
Project("{FAE04EC0-301F-11D3-BF4B-00C04F79EFBC}") = "Electricity Bill System", "Electricity Bill System\Electricity Bill System.csproj", "{839F5989-1FF1-41CA-AE30-7273CF0313CE}"
EndProject
Global
	GlobalSection(SolutionConfigurationPlatforms) = preSolution
		Debug|Any CPU = Debug|Any CPU
		Release|Any CPU = Release|Any CPU
	EndGlobalSection
	GlobalSection(ProjectConfigurationPlatforms) = postSolution
		{839F5989-1FF1-41CA-AE30-7273CF0313CE}.Debug|Any CPU.ActiveCfg = Debug|Any CPU
		{839F5989-1FF1-41CA-AE30-7273CF0313CE}.Debug|Any CPU.Build.0 = Debug|Any CPU
		{839F5989-1FF1-41CA-AE30-7273CF0313CE}.Release|Any CPU.ActiveCfg = Release|Any CPU
		{839F5989-1FF1-41CA-AE30-7273CF0313CE}.Release|Any CPU.Build.0 = Release|Any CPU
	EndGlobalSection
	GlobalSection(SolutionProperties) = preSolution
		HideSolutionNode = FALSE
	EndGlobalSection
	GlobalSection(ExtensibilityGlobals) = postSolution
		SolutionGuid = {1459E836-5A06-4953-A784-9503AA4E3B38}
	EndGlobalSection
EndGlobal
